
Microsoft Visual Studio Solution File, Format Version 12.00
# Visual Studio 2012
Project("{FAE04EC0-301F-11D3-BF4B-00C04F79EFBC}") = "TestsDependences", "TestsDependences\TestsDependences.csproj", "{BF5C4862-AA2E-4251-BC6B-A6D492D39072}"
EndProject
Project("{FAE04EC0-301F-11D3-BF4B-00C04F79EFBC}") = "ClassLibrary1", "ClassLibrary1\ClassLibrary1.csproj", "{8CDC6B30-2A7D-4219-9980-26B78B224DA1}"
EndProject
Global
	GlobalSection(TeamFoundationVersionControl) = preSolution
		SccNumberOfProjects = 3
		SccEnterpriseProvider = {4CA58AB2-18FA-4F8D-95D4-32DDF27D184C}
		SccTeamFoundationServer = https://matthieumezil.visualstudio.com/defaultcollection
		SccLocalPath0 = .
		SccProjectUniqueName1 = ClassLibrary1\\ClassLibrary1.csproj
		SccProjectName1 = ClassLibrary1
		SccLocalPath1 = ClassLibrary1
		SccProjectUniqueName2 = TestsDependences\\TestsDependences.csproj
		SccProjectName2 = TestsDependences
		SccLocalPath2 = TestsDependences
	EndGlobalSection
	GlobalSection(SolutionConfigurationPlatforms) = preSolution
		Debug|Any CPU = Debug|Any CPU
		Release|Any CPU = Release|Any CPU
	EndGlobalSection
	GlobalSection(ProjectConfigurationPlatforms) = postSolution
		{BF5C4862-AA2E-4251-BC6B-A6D492D39072}.Debug|Any CPU.ActiveCfg = Debug|Any CPU
		{BF5C4862-AA2E-4251-BC6B-A6D492D39072}.Debug|Any CPU.Build.0 = Debug|Any CPU
		{BF5C4862-AA2E-4251-BC6B-A6D492D39072}.Release|Any CPU.ActiveCfg = Release|Any CPU
		{BF5C4862-AA2E-4251-BC6B-A6D492D39072}.Release|Any CPU.Build.0 = Release|Any CPU
		{8CDC6B30-2A7D-4219-9980-26B78B224DA1}.Debug|Any CPU.ActiveCfg = Debug|Any CPU
		{8CDC6B30-2A7D-4219-9980-26B78B224DA1}.Debug|Any CPU.Build.0 = Debug|Any CPU
		{8CDC6B30-2A7D-4219-9980-26B78B224DA1}.Release|Any CPU.ActiveCfg = Release|Any CPU
		{8CDC6B30-2A7D-4219-9980-26B78B224DA1}.Release|Any CPU.Build.0 = Release|Any CPU
	EndGlobalSection
	GlobalSection(SolutionProperties) = preSolution
		HideSolutionNode = FALSE
	EndGlobalSection
EndGlobal
